// !$*UTF8*$!
{
	archiveVersion = 1;
	classes = {
	};
	objectVersion = 50;
	objects = {

/* Begin PBXBuildFile section */
		6359403F23A03DC5001ED108 /* NetworkHelper.swift in Sources */ = {isa = PBXBuildFile; fileRef = 6359403E23A03DC5001ED108 /* NetworkHelper.swift */; };
		6359404123A03DD4001ED108 /* AppError.swift in Sources */ = {isa = PBXBuildFile; fileRef = 6359404023A03DD4001ED108 /* AppError.swift */; };
		6359404323A03E9B001ED108 /* Comics.swift in Sources */ = {isa = PBXBuildFile; fileRef = 6359404223A03E9B001ED108 /* Comics.swift */; };
		6359404523A03FDE001ED108 /* ComicsAPI.swift in Sources */ = {isa = PBXBuildFile; fileRef = 6359404423A03FDE001ED108 /* ComicsAPI.swift */; };
		6359404723A03FEA001ED108 /* PokemonAPI.swift in Sources */ = {isa = PBXBuildFile; fileRef = 6359404623A03FEA001ED108 /* PokemonAPI.swift */; };
		6359404923A03FF9001ED108 /* RandomUserAPI.swift in Sources */ = {isa = PBXBuildFile; fileRef = 6359404823A03FF9001ED108 /* RandomUserAPI.swift */; };
		6359404B23A04012001ED108 /* Pokemon.swift in Sources */ = {isa = PBXBuildFile; fileRef = 6359404A23A04012001ED108 /* Pokemon.swift */; };
		6359404D23A0401E001ED108 /* RandomUser.swift in Sources */ = {isa = PBXBuildFile; fileRef = 6359404C23A0401E001ED108 /* RandomUser.swift */; };
		63F011B8239FEB490057A854 /* AppDelegate.swift in Sources */ = {isa = PBXBuildFile; fileRef = 63F011B7239FEB490057A854 /* AppDelegate.swift */; };
		63F011BA239FEB490057A854 /* SceneDelegate.swift in Sources */ = {isa = PBXBuildFile; fileRef = 63F011B9239FEB490057A854 /* SceneDelegate.swift */; };
		63F011BC239FEB490057A854 /* UIImageVC.swift in Sources */ = {isa = PBXBuildFile; fileRef = 63F011BB239FEB490057A854 /* UIImageVC.swift */; };
		63F011BF239FEB490057A854 /* Main.storyboard in Resources */ = {isa = PBXBuildFile; fileRef = 63F011BD239FEB490057A854 /* Main.storyboard */; };
		63F011C1239FEB4E0057A854 /* Assets.xcassets in Resources */ = {isa = PBXBuildFile; fileRef = 63F011C0239FEB4E0057A854 /* Assets.xcassets */; };
		63F011C4239FEB4E0057A854 /* LaunchScreen.storyboard in Resources */ = {isa = PBXBuildFile; fileRef = 63F011C2239FEB4E0057A854 /* LaunchScreen.storyboard */; };
		63F011DA23A02EF80057A854 /* PokemonCardsVC.swift in Sources */ = {isa = PBXBuildFile; fileRef = 63F011D923A02EF80057A854 /* PokemonCardsVC.swift */; };
		63F011DC23A02F150057A854 /* RandomUsersVC.swift in Sources */ = {isa = PBXBuildFile; fileRef = 63F011DB23A02F150057A854 /* RandomUsersVC.swift */; };
		63F011E223A030740057A854 /* PokemonDVC.swift in Sources */ = {isa = PBXBuildFile; fileRef = 63F011E123A030740057A854 /* PokemonDVC.swift */; };
		63F011E423A030850057A854 /* RandomUserDVC.swift in Sources */ = {isa = PBXBuildFile; fileRef = 63F011E323A030850057A854 /* RandomUserDVC.swift */; };
		63F011E623A039A70057A854 /* PokemonCell.swift in Sources */ = {isa = PBXBuildFile; fileRef = 63F011E523A039A60057A854 /* PokemonCell.swift */; };
		63F011E823A039BD0057A854 /* RandomUserCell.swift in Sources */ = {isa = PBXBuildFile; fileRef = 63F011E723A039BD0057A854 /* RandomUserCell.swift */; };
/* End PBXBuildFile section */

/* Begin PBXFileReference section */
		6359403E23A03DC5001ED108 /* NetworkHelper.swift */ = {isa = PBXFileReference; lastKnownFileType = sourcecode.swift; path = NetworkHelper.swift; sourceTree = "<group>"; };
		6359404023A03DD4001ED108 /* AppError.swift */ = {isa = PBXFileReference; lastKnownFileType = sourcecode.swift; path = AppError.swift; sourceTree = "<group>"; };
		6359404223A03E9B001ED108 /* Comics.swift */ = {isa = PBXFileReference; lastKnownFileType = sourcecode.swift; path = Comics.swift; sourceTree = "<group>"; };
		6359404423A03FDE001ED108 /* ComicsAPI.swift */ = {isa = PBXFileReference; lastKnownFileType = sourcecode.swift; path = ComicsAPI.swift; sourceTree = "<group>"; };
		6359404623A03FEA001ED108 /* PokemonAPI.swift */ = {isa = PBXFileReference; lastKnownFileType = sourcecode.swift; path = PokemonAPI.swift; sourceTree = "<group>"; };
		6359404823A03FF9001ED108 /* RandomUserAPI.swift */ = {isa = PBXFileReference; lastKnownFileType = sourcecode.swift; path = RandomUserAPI.swift; sourceTree = "<group>"; };
		6359404A23A04012001ED108 /* Pokemon.swift */ = {isa = PBXFileReference; lastKnownFileType = sourcecode.swift; path = Pokemon.swift; sourceTree = "<group>"; };
		6359404C23A0401E001ED108 /* RandomUser.swift */ = {isa = PBXFileReference; lastKnownFileType = sourcecode.swift; path = RandomUser.swift; sourceTree = "<group>"; };
		63F011B4239FEB490057A854 /* ImagesLab.app */ = {isa = PBXFileReference; explicitFileType = wrapper.application; includeInIndex = 0; path = ImagesLab.app; sourceTree = BUILT_PRODUCTS_DIR; };
		63F011B7239FEB490057A854 /* AppDelegate.swift */ = {isa = PBXFileReference; lastKnownFileType = sourcecode.swift; path = AppDelegate.swift; sourceTree = "<group>"; };
		63F011B9239FEB490057A854 /* SceneDelegate.swift */ = {isa = PBXFileReference; lastKnownFileType = sourcecode.swift; path = SceneDelegate.swift; sourceTree = "<group>"; };
		63F011BB239FEB490057A854 /* UIImageVC.swift */ = {isa = PBXFileReference; lastKnownFileType = sourcecode.swift; path = UIImageVC.swift; sourceTree = "<group>"; };
		63F011BE239FEB490057A854 /* Base */ = {isa = PBXFileReference; lastKnownFileType = file.storyboard; name = Base; path = Base.lproj/Main.storyboard; sourceTree = "<group>"; };
		63F011C0239FEB4E0057A854 /* Assets.xcassets */ = {isa = PBXFileReference; lastKnownFileType = folder.assetcatalog; path = Assets.xcassets; sourceTree = "<group>"; };
		63F011C3239FEB4E0057A854 /* Base */ = {isa = PBXFileReference; lastKnownFileType = file.storyboard; name = Base; path = Base.lproj/LaunchScreen.storyboard; sourceTree = "<group>"; };
		63F011C5239FEB4E0057A854 /* Info.plist */ = {isa = PBXFileReference; lastKnownFileType = text.plist.xml; path = Info.plist; sourceTree = "<group>"; };
		63F011D923A02EF80057A854 /* PokemonCardsVC.swift */ = {isa = PBXFileReference; lastKnownFileType = sourcecode.swift; path = PokemonCardsVC.swift; sourceTree = "<group>"; };
		63F011DB23A02F150057A854 /* RandomUsersVC.swift */ = {isa = PBXFileReference; lastKnownFileType = sourcecode.swift; path = RandomUsersVC.swift; sourceTree = "<group>"; };
		63F011E123A030740057A854 /* PokemonDVC.swift */ = {isa = PBXFileReference; lastKnownFileType = sourcecode.swift; path = PokemonDVC.swift; sourceTree = "<group>"; };
		63F011E323A030850057A854 /* RandomUserDVC.swift */ = {isa = PBXFileReference; lastKnownFileType = sourcecode.swift; path = RandomUserDVC.swift; sourceTree = "<group>"; };
		63F011E523A039A60057A854 /* PokemonCell.swift */ = {isa = PBXFileReference; lastKnownFileType = sourcecode.swift; path = PokemonCell.swift; sourceTree = "<group>"; };
		63F011E723A039BD0057A854 /* RandomUserCell.swift */ = {isa = PBXFileReference; lastKnownFileType = sourcecode.swift; path = RandomUserCell.swift; sourceTree = "<group>"; };
/* End PBXFileReference section */

/* Begin PBXFrameworksBuildPhase section */
		63F011B1239FEB490057A854 /* Frameworks */ = {
			isa = PBXFrameworksBuildPhase;
			buildActionMask = 2147483647;
			files = (
			);
			runOnlyForDeploymentPostprocessing = 0;
		};
/* End PBXFrameworksBuildPhase section */

/* Begin PBXGroup section */
		63F011AB239FEB490057A854 = {
			isa = PBXGroup;
			children = (
				63F011B6239FEB490057A854 /* ImagesLab */,
				63F011B5239FEB490057A854 /* Products */,
			);
			sourceTree = "<group>";
		};
		63F011B5239FEB490057A854 /* Products */ = {
			isa = PBXGroup;
			children = (
				63F011B4239FEB490057A854 /* ImagesLab.app */,
			);
			name = Products;
			sourceTree = "<group>";
		};
		63F011B6239FEB490057A854 /* ImagesLab */ = {
			isa = PBXGroup;
			children = (
				63F011B7239FEB490057A854 /* AppDelegate.swift */,
				63F011B9239FEB490057A854 /* SceneDelegate.swift */,
				63F011BD239FEB490057A854 /* Main.storyboard */,
				63F011C2239FEB4E0057A854 /* LaunchScreen.storyboard */,
				6359403E23A03DC5001ED108 /* NetworkHelper.swift */,
				6359404023A03DD4001ED108 /* AppError.swift */,
				63F011C0239FEB4E0057A854 /* Assets.xcassets */,
				63F011C5239FEB4E0057A854 /* Info.plist */,
				63F011DF23A02FED0057A854 /* UIImage */,
				63F011DE23A02FE70057A854 /* Pokemon */,
				63F011E023A02FF60057A854 /* RandomUser */,
			);
			path = ImagesLab;
			sourceTree = "<group>";
		};
		63F011DE23A02FE70057A854 /* Pokemon */ = {
			isa = PBXGroup;
			children = (
				63F011D923A02EF80057A854 /* PokemonCardsVC.swift */,
				63F011E523A039A60057A854 /* PokemonCell.swift */,
				63F011E123A030740057A854 /* PokemonDVC.swift */,
				6359404A23A04012001ED108 /* Pokemon.swift */,
				6359404623A03FEA001ED108 /* PokemonAPI.swift */,
			);
			path = Pokemon;
			sourceTree = "<group>";
		};
		63F011DF23A02FED0057A854 /* UIImage */ = {
			isa = PBXGroup;
			children = (
				63F011BB239FEB490057A854 /* UIImageVC.swift */,
				6359404223A03E9B001ED108 /* Comics.swift */,
				6359404423A03FDE001ED108 /* ComicsAPI.swift */,
			);
			path = UIImage;
			sourceTree = "<group>";
		};
		63F011E023A02FF60057A854 /* RandomUser */ = {
			isa = PBXGroup;
			children = (
				63F011E323A030850057A854 /* RandomUserDVC.swift */,
				63F011E723A039BD0057A854 /* RandomUserCell.swift */,
				63F011DB23A02F150057A854 /* RandomUsersVC.swift */,
				6359404C23A0401E001ED108 /* RandomUser.swift */,
				6359404823A03FF9001ED108 /* RandomUserAPI.swift */,
			);
			path = RandomUser;
			sourceTree = "<group>";
		};
/* End PBXGroup section */

/* Begin PBXNativeTarget section */
		63F011B3239FEB490057A854 /* ImagesLab */ = {
			isa = PBXNativeTarget;
			buildConfigurationList = 63F011C8239FEB4E0057A854 /* Build configuration list for PBXNativeTarget "ImagesLab" */;
			buildPhases = (
				63F011B0239FEB490057A854 /* Sources */,
				63F011B1239FEB490057A854 /* Frameworks */,
				63F011B2239FEB490057A854 /* Resources */,
			);
			buildRules = (
			);
			dependencies = (
			);
			name = ImagesLab;
			productName = ImagesLab;
			productReference = 63F011B4239FEB490057A854 /* ImagesLab.app */;
			productType = "com.apple.product-type.application";
		};
/* End PBXNativeTarget section */

/* Begin PBXProject section */
		63F011AC239FEB490057A854 /* Project object */ = {
			isa = PBXProject;
			attributes = {
				LastSwiftUpdateCheck = 1120;
				LastUpgradeCheck = 1120;
				ORGANIZATIONNAME = "David Lin (Passion Proj)";
				TargetAttributes = {
					63F011B3239FEB490057A854 = {
						CreatedOnToolsVersion = 11.2.1;
					};
				};
			};
			buildConfigurationList = 63F011AF239FEB490057A854 /* Build configuration list for PBXProject "ImagesLab" */;
			compatibilityVersion = "Xcode 9.3";
			developmentRegion = en;
			hasScannedForEncodings = 0;
			knownRegions = (
				en,
				Base,
			);
			mainGroup = 63F011AB239FEB490057A854;
			productRefGroup = 63F011B5239FEB490057A854 /* Products */;
			projectDirPath = "";
			projectRoot = "";
			targets = (
				63F011B3239FEB490057A854 /* ImagesLab */,
			);
		};
/* End PBXProject section */

/* Begin PBXResourcesBuildPhase section */
		63F011B2239FEB490057A854 /* Resources */ = {
			isa = PBXResourcesBuildPhase;
			buildActionMask = 2147483647;
			files = (
				63F011C4239FEB4E0057A854 /* LaunchScreen.storyboard in Resources */,
				63F011C1239FEB4E0057A854 /* Assets.xcassets in Resources */,
				63F011BF239FEB490057A854 /* Main.storyboard in Resources */,
			);
			runOnlyForDeploymentPostprocessing = 0;
		};
/* End PBXResourcesBuildPhase section */

/* Begin PBXSourcesBuildPhase section */
		63F011B0239FEB490057A854 /* Sources */ = {
			isa = PBXSourcesBuildPhase;
			buildActionMask = 2147483647;
			files = (
				63F011BC239FEB490057A854 /* UIImageVC.swift in Sources */,
				6359404B23A04012001ED108 /* Pokemon.swift in Sources */,
				63F011B8239FEB490057A854 /* AppDelegate.swift in Sources */,
				6359404D23A0401E001ED108 /* RandomUser.swift in Sources */,
				6359403F23A03DC5001ED108 /* NetworkHelper.swift in Sources */,
				63F011DC23A02F150057A854 /* RandomUsersVC.swift in Sources */,
				6359404523A03FDE001ED108 /* ComicsAPI.swift in Sources */,
				63F011E423A030850057A854 /* RandomUserDVC.swift in Sources */,
				6359404323A03E9B001ED108 /* Comics.swift in Sources */,
				63F011DA23A02EF80057A854 /* PokemonCardsVC.swift in Sources */,
				63F011E623A039A70057A854 /* PokemonCell.swift in Sources */,
				63F011E823A039BD0057A854 /* RandomUserCell.swift in Sources */,
				6359404723A03FEA001ED108 /* PokemonAPI.swift in Sources */,
				6359404123A03DD4001ED108 /* AppError.swift in Sources */,
				6359404923A03FF9001ED108 /* RandomUserAPI.swift in Sources */,
				63F011BA239FEB490057A854 /* SceneDelegate.swift in Sources */,
				63F011E223A030740057A854 /* PokemonDVC.swift in Sources */,
			);
			runOnlyForDeploymentPostprocessing = 0;
		};
/* End PBXSourcesBuildPhase section */

/* Begin PBXVariantGroup section */
		63F011BD239FEB490057A854 /* Main.storyboard */ = {
			isa = PBXVariantGroup;
			children = (
				63F011BE239FEB490057A854 /* Base */,
			);
			name = Main.storyboard;
			sourceTree = "<group>";
		};
		63F011C2239FEB4E0057A854 /* LaunchScreen.storyboard */ = {
			isa = PBXVariantGroup;
			children = (
				63F011C3239FEB4E0057A854 /* Base */,
			);
			name = LaunchScreen.storyboard;
			sourceTree = "<group>";
		};
/* End PBXVariantGroup section */

/* Begin XCBuildConfiguration section */
		63F011C6239FEB4E0057A854 /* Debug */ = {
			isa = XCBuildConfiguration;
			buildSettings = {
				ALWAYS_SEARCH_USER_PATHS = NO;
				CLANG_ANALYZER_NONNULL = YES;
				CLANG_ANALYZER_NUMBER_OBJECT_CONVERSION = YES_AGGRESSIVE;
				CLANG_CXX_LANGUAGE_STANDARD = "gnu++14";
				CLANG_CXX_LIBRARY = "libc++";
				CLANG_ENABLE_MODULES = YES;
				CLANG_ENABLE_OBJC_ARC = YES;
				CLANG_ENABLE_OBJC_WEAK = YES;
				CLANG_WARN_BLOCK_CAPTURE_AUTORELEASING = YES;
				CLANG_WARN_BOOL_CONVERSION = YES;
				CLANG_WARN_COMMA = YES;
				CLANG_WARN_CONSTANT_CONVERSION = YES;
				CLANG_WARN_DEPRECATED_OBJC_IMPLEMENTATIONS = YES;
				CLANG_WARN_DIRECT_OBJC_ISA_USAGE = YES_ERROR;
				CLANG_WARN_DOCUMENTATION_COMMENTS = YES;
				CLANG_WARN_EMPTY_BODY = YES;
				CLANG_WARN_ENUM_CONVERSION = YES;
				CLANG_WARN_INFINITE_RECURSION = YES;
				CLANG_WARN_INT_CONVERSION = YES;
				CLANG_WARN_NON_LITERAL_NULL_CONVERSION = YES;
				CLANG_WARN_OBJC_IMPLICIT_RETAIN_SELF = YES;
				CLANG_WARN_OBJC_LITERAL_CONVERSION = YES;
				CLANG_WARN_OBJC_ROOT_CLASS = YES_ERROR;
				CLANG_WARN_RANGE_LOOP_ANALYSIS = YES;
				CLANG_WARN_STRICT_PROTOTYPES = YES;
				CLANG_WARN_SUSPICIOUS_MOVE = YES;
				CLANG_WARN_UNGUARDED_AVAILABILITY = YES_AGGRESSIVE;
				CLANG_WARN_UNREACHABLE_CODE = YES;
				CLANG_WARN__DUPLICATE_METHOD_MATCH = YES;
				COPY_PHASE_STRIP = NO;
				DEBUG_INFORMATION_FORMAT = dwarf;
				ENABLE_STRICT_OBJC_MSGSEND = YES;
				ENABLE_TESTABILITY = YES;
				GCC_C_LANGUAGE_STANDARD = gnu11;
				GCC_DYNAMIC_NO_PIC = NO;
				GCC_NO_COMMON_BLOCKS = YES;
				GCC_OPTIMIZATION_LEVEL = 0;
				GCC_PREPROCESSOR_DEFINITIONS = (
					"DEBUG=1",
					"$(inherited)",
				);
				GCC_WARN_64_TO_32_BIT_CONVERSION = YES;
				GCC_WARN_ABOUT_RETURN_TYPE = YES_ERROR;
				GCC_WARN_UNDECLARED_SELECTOR = YES;
				GCC_WARN_UNINITIALIZED_AUTOS = YES_AGGRESSIVE;
				GCC_WARN_UNUSED_FUNCTION = YES;
				GCC_WARN_UNUSED_VARIABLE = YES;
				IPHONEOS_DEPLOYMENT_TARGET = 13.2;
				MTL_ENABLE_DEBUG_INFO = INCLUDE_SOURCE;
				MTL_FAST_MATH = YES;
				ONLY_ACTIVE_ARCH = YES;
				SDKROOT = iphoneos;
				SWIFT_ACTIVE_COMPILATION_CONDITIONS = DEBUG;
				SWIFT_OPTIMIZATION_LEVEL = "-Onone";
			};
			name = Debug;
		};
		63F011C7239FEB4E0057A854 /* Release */ = {
			isa = XCBuildConfiguration;
			buildSettings = {
				ALWAYS_SEARCH_USER_PATHS = NO;
				CLANG_ANALYZER_NONNULL = YES;
				CLANG_ANALYZER_NUMBER_OBJECT_CONVERSION = YES_AGGRESSIVE;
				CLANG_CXX_LANGUAGE_STANDARD = "gnu++14";
				CLANG_CXX_LIBRARY = "libc++";
				CLANG_ENABLE_MODULES = YES;
				CLANG_ENABLE_OBJC_ARC = YES;
				CLANG_ENABLE_OBJC_WEAK = YES;
				CLANG_WARN_BLOCK_CAPTURE_AUTORELEASING = YES;
				CLANG_WARN_BOOL_CONVERSION = YES;
				CLANG_WARN_COMMA = YES;
				CLANG_WARN_CONSTANT_CONVERSION = YES;
				CLANG_WARN_DEPRECATED_OBJC_IMPLEMENTATIONS = YES;
				CLANG_WARN_DIRECT_OBJC_ISA_USAGE = YES_ERROR;
				CLANG_WARN_DOCUMENTATION_COMMENTS = YES;
				CLANG_WARN_EMPTY_BODY = YES;
				CLANG_WARN_ENUM_CONVERSION = YES;
				CLANG_WARN_INFINITE_RECURSION = YES;
				CLANG_WARN_INT_CONVERSION = YES;
				CLANG_WARN_NON_LITERAL_NULL_CONVERSION = YES;
				CLANG_WARN_OBJC_IMPLICIT_RETAIN_SELF = YES;
				CLANG_WARN_OBJC_LITERAL_CONVERSION = YES;
				CLANG_WARN_OBJC_ROOT_CLASS = YES_ERROR;
				CLANG_WARN_RANGE_LOOP_ANALYSIS = YES;
				CLANG_WARN_STRICT_PROTOTYPES = YES;
				CLANG_WARN_SUSPICIOUS_MOVE = YES;
				CLANG_WARN_UNGUARDED_AVAILABILITY = YES_AGGRESSIVE;
				CLANG_WARN_UNREACHABLE_CODE = YES;
				CLANG_WARN__DUPLICATE_METHOD_MATCH = YES;
				COPY_PHASE_STRIP = NO;
				DEBUG_INFORMATION_FORMAT = "dwarf-with-dsym";
				ENABLE_NS_ASSERTIONS = NO;
				ENABLE_STRICT_OBJC_MSGSEND = YES;
				GCC_C_LANGUAGE_STANDARD = gnu11;
				GCC_NO_COMMON_BLOCKS = YES;
				GCC_WARN_64_TO_32_BIT_CONVERSION = YES;
				GCC_WARN_ABOUT_RETURN_TYPE = YES_ERROR;
				GCC_WARN_UNDECLARED_SELECTOR = YES;
				GCC_WARN_UNINITIALIZED_AUTOS = YES_AGGRESSIVE;
				GCC_WARN_UNUSED_FUNCTION = YES;
				GCC_WARN_UNUSED_VARIABLE = YES;
				IPHONEOS_DEPLOYMENT_TARGET = 13.2;
				MTL_ENABLE_DEBUG_INFO = NO;
				MTL_FAST_MATH = YES;
				SDKROOT = iphoneos;
				SWIFT_COMPILATION_MODE = wholemodule;
				SWIFT_OPTIMIZATION_LEVEL = "-O";
				VALIDATE_PRODUCT = YES;
			};
			name = Release;
		};
		63F011C9239FEB4E0057A854 /* Debug */ = {
			isa = XCBuildConfiguration;
			buildSettings = {
				ASSETCATALOG_COMPILER_APPICON_NAME = AppIcon;
				CODE_SIGN_STYLE = Automatic;
				DEVELOPMENT_TEAM = KJJ3AHRK2K;
				INFOPLIST_FILE = ImagesLab/Info.plist;
				LD_RUNPATH_SEARCH_PATHS = (
					"$(inherited)",
					"@executable_path/Frameworks",
				);
				PRODUCT_BUNDLE_IDENTIFIER = com.example.ImagesLab;
				PRODUCT_NAME = "$(TARGET_NAME)";
				SWIFT_VERSION = 5.0;
				TARGETED_DEVICE_FAMILY = "1,2";
			};
			name = Debug;
		};
		63F011CA239FEB4E0057A854 /* Release */ = {
			isa = XCBuildConfiguration;
			buildSettings = {
				ASSETCATALOG_COMPILER_APPICON_NAME = AppIcon;
				CODE_SIGN_STYLE = Automatic;
				DEVELOPMENT_TEAM = KJJ3AHRK2K;
				INFOPLIST_FILE = ImagesLab/Info.plist;
				LD_RUNPATH_SEARCH_PATHS = (
					"$(inherited)",
					"@executable_path/Frameworks",
				);
				PRODUCT_BUNDLE_IDENTIFIER = com.example.ImagesLab;
				PRODUCT_NAME = "$(TARGET_NAME)";
				SWIFT_VERSION = 5.0;
				TARGETED_DEVICE_FAMILY = "1,2";
			};
			name = Release;
		};
/* End XCBuildConfiguration section */

/* Begin XCConfigurationList section */
		63F011AF239FEB490057A854 /* Build configuration list for PBXProject "ImagesLab" */ = {
			isa = XCConfigurationList;
			buildConfigurations = (
				63F011C6239FEB4E0057A854 /* Debug */,
				63F011C7239FEB4E0057A854 /* Release */,
			);
			defaultConfigurationIsVisible = 0;
			defaultConfigurationName = Release;
		};
		63F011C8239FEB4E0057A854 /* Build configuration list for PBXNativeTarget "ImagesLab" */ = {
			isa = XCConfigurationList;
			buildConfigurations = (
				63F011C9239FEB4E0057A854 /* Debug */,
				63F011CA239FEB4E0057A854 /* Release */,
			);
			defaultConfigurationIsVisible = 0;
			defaultConfigurationName = Release;
		};
/* End XCConfigurationList section */
	};
	rootObject = 63F011AC239FEB490057A854 /* Project object */;
}
